<?xml version="1.0" encoding="utf-8"?>
<Project xmlns="http://schemas.microsoft.com/developer/msbuild/2003"><ItemGroup><ClCompile Include="ServiceFixture.cpp" /><ClCompile Include="ThreadFixture.cpp" /><ClInclude Include="ThreadFixture.h" /><ClCompile Include="ModuleFixtureHost.cpp" /><ClInclude Include="ModuleFixtureHost.h" /><ClCompile Include="HotkeyFixture.cpp" /><ClInclude Include="HotkeyFixture.h" /><ResourceCompile Include="HotkeyFixture.rc" /></ItemGroup></Project>
