<?xml version="1.0" encoding="utf-8"?>
<Project ToolsVersion="4.0" xmlns="http://schemas.microsoft.com/developer/msbuild/2003">
  <ItemGroup>
    <Filter Include="Shared R3 Backend">
      <UniqueIdentifier>{C1B4ABFB-E137-504D-98E7-D9754B07BD70}</UniqueIdentifier>
    </Filter>
    <Filter Include="Tests"><UniqueIdentifier>{AE827AFD-B600-41EA-BDB5-B26A04D21A5B}</UniqueIdentifier></Filter>
    <Filter Include="Production"><UniqueIdentifier>{FE172DD6-662B-42E1-850A-29BF75EBA5C2}</UniqueIdentifier></Filter>
    <Filter Include="Production\Evidence"><UniqueIdentifier>{0B2C1D74-9E43-4C58-9A1C-0F5B7E63A101}</UniqueIdentifier></Filter>
    <Filter Include="Production\Evidence\MemoryWorkbench"><UniqueIdentifier>{5D3E2A1C-7B94-4F60-8E15-3A9C0D7B2E41}</UniqueIdentifier></Filter>
  </ItemGroup>
  <ItemGroup>
    <ClCompile Include="KswordARKLightTests.cpp"><Filter>Tests</Filter></ClCompile>
    <ClCompile Include="ProcessInformationTests.cpp"><Filter>Tests</Filter></ClCompile>
    <ClCompile Include="CallbackEnumerationTests.cpp"><Filter>Tests</Filter></ClCompile>
    <ClCompile Include="..\KswordARKLight\Features\Kernel\CallbackEnumeration.cpp"><Filter>Production</Filter></ClCompile>
    <ClCompile Include="..\KswordARKLight\Features\Kernel\KernelPageLayout.cpp"><Filter>Production</Filter></ClCompile>
    <ClCompile Include="..\Ksword5.1\Ksword5.1\ksword\network\network_process_etw_monitor.cpp"><Filter>Production</Filter></ClCompile>
    <ClCompile Include="..\KswordARKLight\Features\Process\ProcessColumns.cpp"><Filter>Production</Filter></ClCompile>
    <ClCompile Include="EvidenceContractTests.cpp"><Filter>Tests</Filter></ClCompile>
    <ClCompile Include="CrossViewTests.cpp"><Filter>Tests</Filter></ClCompile>
    <ClCompile Include="EntityGraphTests.cpp"><Filter>Tests</Filter></ClCompile>
    <ClCompile Include="..\shared\evidence\EntityGraph.cpp"><Filter>Production\Evidence</Filter></ClCompile>
    <ClCompile Include="DumpFactsTests.cpp"><Filter>Tests</Filter></ClCompile>
    <ClCompile Include="..\shared\evidence\DumpFacts.cpp"><Filter>Production\Evidence</Filter></ClCompile>
    <ClCompile Include="SnapshotCompareTests.cpp"><Filter>Tests</Filter></ClCompile>
    <ClCompile Include="..\shared\evidence\SnapshotCompare.cpp"><Filter>Production\Evidence</Filter></ClCompile>
    <ClCompile Include="SecurityStateTests.cpp"><Filter>Tests</Filter></ClCompile>
    <ClCompile Include="..\shared\evidence\SecurityState.cpp"><Filter>Production\Evidence</Filter></ClCompile>
    <ClCompile Include="WfpTests.cpp"><Filter>Tests</Filter></ClCompile>
    <ClCompile Include="..\shared\evidence\WfpAnalysis.cpp"><Filter>Production\Evidence</Filter></ClCompile>
    <ClCompile Include="TimelineTests.cpp"><Filter>Tests</Filter></ClCompile>
    <ClCompile Include="..\shared\evidence\TimelineCore.cpp"><Filter>Production\Evidence</Filter></ClCompile>
    <ClCompile Include="ImageIntegrityTests.cpp"><Filter>Tests</Filter></ClCompile>
    <ClCompile Include="..\shared\evidence\PeImageMap.cpp"><Filter>Production\Evidence</Filter></ClCompile>
    <ClCompile Include="..\shared\evidence\ImageDiff.cpp"><Filter>Production\Evidence</Filter></ClCompile>
    <ClCompile Include="MemoryEvidenceTests.cpp"><Filter>Tests</Filter></ClCompile>
    <ClCompile Include="InjectionSurveyTests.cpp"><Filter>Tests</Filter></ClCompile>
    <ClCompile Include="HvmEptSwitchTests.cpp"><Filter>Tests</Filter></ClCompile>
    <ClCompile Include="HvmWatchTests.cpp"><Filter>Tests</Filter></ClCompile>
    <ClCompile Include="HookPatchComposeTests.cpp"><Filter>Tests</Filter></ClCompile>
    <ClCompile Include="..\shared\evidence\HookPatchCompose.cpp"><Filter>Production\Evidence</Filter></ClCompile>
    <ClCompile Include="MemoryTargetSessionTests.cpp"><Filter>Tests</Filter></ClCompile>
    <ClCompile Include="MemoryDiffOverlayTests.cpp"><Filter>Tests</Filter></ClCompile>
    <ClCompile Include="MemoryDiffOverlayTests.Behavior.cpp"><Filter>Tests</Filter></ClCompile>
    <ClCompile Include="MemoryAddressExprTests.cpp"><Filter>Tests</Filter></ClCompile>
    <ClCompile Include="MemoryAddressExprTests.Resolver.cpp"><Filter>Tests</Filter></ClCompile>
    <ClCompile Include="HexViewportTests.cpp"><Filter>Tests</Filter></ClCompile>
    <ClCompile Include="HexViewportCacheTests.cpp"><Filter>Tests</Filter></ClCompile>
    <ClCompile Include="Int3PatchLedgerTests.cpp"><Filter>Tests</Filter></ClCompile>
    <ClCompile Include="MemoryAddressBookTests.cpp"><Filter>Tests</Filter></ClCompile>
    <ClCompile Include="MemoryAddressBookTests.Serialize.cpp"><Filter>Tests</Filter></ClCompile>
    <ClCompile Include="MemoryWriteTransactionTests.cpp"><Filter>Tests</Filter></ClCompile>
    <ClCompile Include="MemoryWriteTransactionTests.Commit.cpp"><Filter>Tests</Filter></ClCompile>
    <ClCompile Include="MemoryWriteTransactionTests.Write.cpp"><Filter>Tests</Filter></ClCompile>
    <ClCompile Include="MemoryValueDecodeTests.cpp"><Filter>Tests</Filter></ClCompile>
    <ClCompile Include="MemoryByteSearchTests.cpp"><Filter>Tests</Filter></ClCompile>
    <ClCompile Include="MemoryTargetTrackerTests.cpp"><Filter>Tests</Filter></ClCompile>
    <ClCompile Include="MemoryTargetTrackerTests.Walk.cpp"><Filter>Tests</Filter></ClCompile>
    <ClCompile Include="MemoryChannelGateTests.cpp"><Filter>Tests</Filter></ClCompile>
    <ClCompile Include="MemoryWritePolicyTests.cpp"><Filter>Tests</Filter></ClCompile>
    <ClCompile Include="MemoryProcessMatchTests.cpp"><Filter>Tests</Filter></ClCompile>
    <ClCompile Include="MemoryModuleDirectoryTests.cpp"><Filter>Tests</Filter></ClCompile>
    <ClCompile Include="SessionAddressResolverTests.cpp"><Filter>Tests</Filter></ClCompile>
    <ClCompile Include="SessionAddressResolverTests.Eval.cpp"><Filter>Tests</Filter></ClCompile>
    <ClCompile Include="MemoryBaselineWindowTests.cpp"><Filter>Tests</Filter></ClCompile>
    <ClCompile Include="MemoryPageReaderTests.cpp"><Filter>Tests</Filter></ClCompile>
    <ClCompile Include="MemoryIoByteStoreTests.cpp"><Filter>Tests</Filter></ClCompile>
    <ClCompile Include="MemoryKernelMutationTests.cpp"><Filter>Tests</Filter></ClCompile>
    <ClCompile Include="MemoryPatchByteStoreTests.cpp"><Filter>Tests</Filter></ClCompile>
    <ClCompile Include="MemoryEditJournalTests.cpp"><Filter>Tests</Filter></ClCompile>
    <ClCompile Include="..\shared\evidence\memory_workbench\MemoryTargetTracker.cpp"><Filter>Production\Evidence\MemoryWorkbench</Filter></ClCompile>
    <ClCompile Include="..\shared\evidence\memory_workbench\MemoryChannelGate.cpp"><Filter>Production\Evidence\MemoryWorkbench</Filter></ClCompile>
    <ClCompile Include="..\shared\evidence\memory_workbench\MemoryWritePolicy.cpp"><Filter>Production\Evidence\MemoryWorkbench</Filter></ClCompile>
    <ClCompile Include="..\shared\evidence\memory_workbench\MemoryProcessMatch.cpp"><Filter>Production\Evidence\MemoryWorkbench</Filter></ClCompile>
    <ClCompile Include="..\shared\evidence\memory_workbench\MemoryModuleDirectory.cpp"><Filter>Production\Evidence\MemoryWorkbench</Filter></ClCompile>
    <ClCompile Include="..\shared\evidence\memory_workbench\SessionAddressResolver.cpp"><Filter>Production\Evidence\MemoryWorkbench</Filter></ClCompile>
    <ClCompile Include="..\shared\evidence\memory_workbench\MemoryBaselineWindow.cpp"><Filter>Production\Evidence\MemoryWorkbench</Filter></ClCompile>
    <ClCompile Include="..\shared\evidence\memory_workbench\MemoryEditJournal.cpp"><Filter>Production\Evidence\MemoryWorkbench</Filter></ClCompile>
    <ClCompile Include="..\shared\evidence\memory_workbench\MemoryByteSearch.cpp"><Filter>Production\Evidence\MemoryWorkbench</Filter></ClCompile>
    <ClCompile Include="..\shared\evidence\memory_workbench\MemoryValueDecode.cpp"><Filter>Production\Evidence\MemoryWorkbench</Filter></ClCompile>
    <ClCompile Include="..\shared\evidence\memory_workbench\MemoryTargetSession.cpp"><Filter>Production\Evidence\MemoryWorkbench</Filter></ClCompile>
    <ClCompile Include="..\shared\evidence\memory_workbench\MemoryDiffOverlay.cpp"><Filter>Production\Evidence\MemoryWorkbench</Filter></ClCompile>
    <ClCompile Include="..\shared\evidence\memory_workbench\MemoryDiffOverlay.Patches.cpp"><Filter>Production\Evidence\MemoryWorkbench</Filter></ClCompile>
    <ClCompile Include="..\shared\evidence\memory_workbench\MemoryAddressExpr.cpp"><Filter>Production\Evidence\MemoryWorkbench</Filter></ClCompile>
    <ClCompile Include="..\shared\evidence\memory_workbench\HexViewport.cpp"><Filter>Production\Evidence\MemoryWorkbench</Filter></ClCompile>
    <ClCompile Include="..\shared\evidence\memory_workbench\HexViewport.Cache.cpp"><Filter>Production\Evidence\MemoryWorkbench</Filter></ClCompile>
    <ClCompile Include="..\shared\evidence\memory_workbench\HexViewport.Selection.cpp"><Filter>Production\Evidence\MemoryWorkbench</Filter></ClCompile>
    <ClCompile Include="..\shared\evidence\memory_workbench\Int3PatchLedger.cpp"><Filter>Production\Evidence\MemoryWorkbench</Filter></ClCompile>
    <ClCompile Include="..\shared\evidence\memory_workbench\MemoryAddressBook.cpp"><Filter>Production\Evidence\MemoryWorkbench</Filter></ClCompile>
    <ClCompile Include="..\shared\evidence\PointerChain.cpp"><Filter>Production\Evidence\MemoryWorkbench</Filter></ClCompile>
    <ClCompile Include="..\shared\evidence\memory_workbench\PointerChainBindings.cpp"><Filter>Production\Evidence\MemoryWorkbench</Filter></ClCompile>
    <ClCompile Include="..\shared\evidence\memory_workbench\MemoryAddressBook.Serialize.cpp"><Filter>Production\Evidence\MemoryWorkbench</Filter></ClCompile>
    <ClCompile Include="..\shared\evidence\memory_workbench\MemoryWriteTransaction.cpp"><Filter>Production\Evidence\MemoryWorkbench</Filter></ClCompile>
    <ClCompile Include="..\shared\evidence\memory_workbench\MemoryWriteTransaction.Commit.cpp"><Filter>Production\Evidence\MemoryWorkbench</Filter></ClCompile>
    <ClCompile Include="..\shared\evidence\memory_workbench\MemoryPageReader.cpp"><Filter>Production\Evidence\MemoryWorkbench</Filter></ClCompile>
    <ClCompile Include="..\shared\evidence\memory_workbench\MemoryIoByteStore.cpp"><Filter>Production\Evidence\MemoryWorkbench</Filter></ClCompile>
    <ClCompile Include="..\shared\evidence\memory_workbench\MemoryKernelMutation.cpp"><Filter>Production\Evidence\MemoryWorkbench</Filter></ClCompile>
    <ClCompile Include="..\shared\evidence\memory_workbench\MemoryPatchByteStore.cpp"><Filter>Production\Evidence\MemoryWorkbench</Filter></ClCompile>
    <ClCompile Include="..\shared\evidence\PageTableWalk.cpp"><Filter>Production\Evidence</Filter></ClCompile>
    <ClCompile Include="..\shared\evidence\MemoryRegionEvidence.cpp"><Filter>Production\Evidence</Filter></ClCompile>
    <ClCompile Include="..\shared\evidence\DdmaScratchPlan.cpp"><Filter>Production\Evidence</Filter></ClCompile>
    <ClCompile Include="..\shared\evidence\InjectionSurvey.cpp"><Filter>Production\Evidence</Filter></ClCompile>
    <ClCompile Include="..\shared\evidence\CrossViewDiff.cpp"><Filter>Production\Evidence</Filter></ClCompile>
    <ClCompile Include="..\shared\evidence\EvidenceEnvelope.cpp"><Filter>Production\Evidence</Filter></ClCompile>
    <ClCompile Include="..\shared\evidence\EvidenceJson.cpp"><Filter>Production\Evidence</Filter></ClCompile>
    <ClCompile Include="..\shared\evidence\LiveNavigation.cpp"><Filter>Production\Evidence</Filter></ClCompile>
    <ClCompile Include="..\shared\evidence\LosslessValue.cpp"><Filter>Production\Evidence</Filter></ClCompile>
    <ClCompile Include="..\shared\evidence\ObjectIdentity.cpp"><Filter>Production\Evidence</Filter></ClCompile>
    <ClCompile Include="..\shared\evidence\ScanBudget.cpp"><Filter>Production\Evidence</Filter></ClCompile>
    <ClCompile Include="..\KswordARKLight\Core\EntityRef.cpp"><Filter>Production</Filter></ClCompile>
    <ClCompile Include="..\KswordARKLight\Core\WorkspaceConfig.cpp"><Filter>Production</Filter></ClCompile>
    <ClCompile Include="..\KswordARKLight\Features\Window\Win32kTimerEvidenceModel.cpp"><Filter>Production</Filter></ClCompile>
    <ClCompile Include="..\KswordARKLight\Features\Memory\MemorySnapshot.cpp"><Filter>Production</Filter></ClCompile>
    <ClCompile Include="..\KswordARKLight\Features\Memory\DriverMemoryModel.cpp"><Filter>Production</Filter></ClCompile>
    <ClCompile Include="..\KswordARKLight\Features\Memory\MemoryInspection.cpp"><Filter>Production</Filter></ClCompile>
    <ClCompile Include="..\KswordARKLight\Features\Memory\MemoryWritePlan.cpp"><Filter>Production</Filter></ClCompile>
    <ClCompile Include="..\KswordARKLight\Ui\EvidenceSession.cpp"><Filter>Production</Filter></ClCompile>
  </ItemGroup>
  <ItemGroup>
    <ClInclude Include="TestSupport.h"><Filter>Tests</Filter></ClInclude>
    <ClInclude Include="..\KswordARKLight\Features\Kernel\CallbackEnumeration.h"><Filter>Production</Filter></ClInclude>
    <ClInclude Include="..\KswordARKLight\Features\Kernel\KernelPageLayout.h"><Filter>Production</Filter></ClInclude>
    <ClInclude Include="..\shared\driver\KswordArkHvmEptSwitch.h"><Filter>Production\Evidence</Filter></ClInclude>
    <ClInclude Include="..\shared\evidence\CrossViewDiff.h"><Filter>Production\Evidence</Filter></ClInclude>
    <ClInclude Include="..\shared\evidence\EntityGraph.h"><Filter>Production\Evidence</Filter></ClInclude>
    <ClInclude Include="..\shared\evidence\DumpFacts.h"><Filter>Production\Evidence</Filter></ClInclude>
    <ClInclude Include="..\shared\evidence\SnapshotCompare.h"><Filter>Production\Evidence</Filter></ClInclude>
    <ClInclude Include="..\shared\evidence\SecurityState.h"><Filter>Production\Evidence</Filter></ClInclude>
    <ClInclude Include="..\shared\evidence\WfpAnalysis.h"><Filter>Production\Evidence</Filter></ClInclude>
    <ClInclude Include="..\shared\evidence\TimelineCore.h"><Filter>Production\Evidence</Filter></ClInclude>
    <ClInclude Include="..\shared\evidence\PeImageMap.h"><Filter>Production\Evidence</Filter></ClInclude>
    <ClInclude Include="..\shared\evidence\ImageDiff.h"><Filter>Production\Evidence</Filter></ClInclude>
    <ClInclude Include="..\shared\evidence\HookPatchCompose.h"><Filter>Production\Evidence</Filter></ClInclude>
    <ClInclude Include="MemoryDiffOverlayTestSupport.h"><Filter>Tests</Filter></ClInclude>
    <ClInclude Include="MemoryAddressExprTestSupport.h"><Filter>Tests</Filter></ClInclude>
    <ClInclude Include="MemoryAddressBookTests.h"><Filter>Tests</Filter></ClInclude>
    <ClInclude Include="MemoryWriteTransactionTestSupport.h"><Filter>Tests</Filter></ClInclude>
    <ClInclude Include="MemoryTargetTrackerTestSupport.h"><Filter>Tests</Filter></ClInclude>
    <ClInclude Include="ModuleResolverTestSupport.h"><Filter>Tests</Filter></ClInclude>
    <ClInclude Include="MemoryBaselineWindowTestSupport.h"><Filter>Tests</Filter></ClInclude>
    <ClInclude Include="MemoryEditJournalTestSupport.h"><Filter>Tests</Filter></ClInclude>
    <ClInclude Include="MemoryIoTestSupport.h"><Filter>Tests</Filter></ClInclude>
    <ClInclude Include="..\shared\evidence\memory_workbench\MemoryTargetSession.h"><Filter>Production\Evidence\MemoryWorkbench</Filter></ClInclude>
    <ClInclude Include="..\shared\evidence\memory_workbench\MemoryDiffOverlay.h"><Filter>Production\Evidence\MemoryWorkbench</Filter></ClInclude>
    <ClInclude Include="..\shared\evidence\memory_workbench\MemoryAddressExpr.h"><Filter>Production\Evidence\MemoryWorkbench</Filter></ClInclude>
    <ClInclude Include="..\shared\evidence\memory_workbench\HexViewport.h"><Filter>Production\Evidence\MemoryWorkbench</Filter></ClInclude>
    <ClInclude Include="..\shared\evidence\memory_workbench\Int3PatchLedger.h"><Filter>Production\Evidence\MemoryWorkbench</Filter></ClInclude>
    <ClInclude Include="..\shared\evidence\memory_workbench\MemoryAddressBook.h"><Filter>Production\Evidence\MemoryWorkbench</Filter></ClInclude>
    <ClInclude Include="..\shared\evidence\PointerChain.h"><Filter>Production\Evidence\MemoryWorkbench</Filter></ClInclude>
    <ClInclude Include="..\shared\evidence\memory_workbench\PointerChainBindings.h"><Filter>Production\Evidence\MemoryWorkbench</Filter></ClInclude>
    <ClInclude Include="..\shared\evidence\memory_workbench\MemoryWriteTransaction.h"><Filter>Production\Evidence\MemoryWorkbench</Filter></ClInclude>
    <ClInclude Include="..\shared\evidence\memory_workbench\MemoryValueDecode.h"><Filter>Production\Evidence\MemoryWorkbench</Filter></ClInclude>
    <ClInclude Include="..\shared\evidence\memory_workbench\MemoryByteSearch.h"><Filter>Production\Evidence\MemoryWorkbench</Filter></ClInclude>
    <ClInclude Include="..\shared\evidence\memory_workbench\MemoryTargetTracker.h"><Filter>Production\Evidence\MemoryWorkbench</Filter></ClInclude>
    <ClInclude Include="..\shared\evidence\memory_workbench\MemoryChannelGate.h"><Filter>Production\Evidence\MemoryWorkbench</Filter></ClInclude>
    <ClInclude Include="..\shared\evidence\memory_workbench\MemoryWritePolicy.h"><Filter>Production\Evidence\MemoryWorkbench</Filter></ClInclude>
    <ClInclude Include="..\shared\evidence\memory_workbench\MemoryProcessMatch.h"><Filter>Production\Evidence\MemoryWorkbench</Filter></ClInclude>
    <ClInclude Include="..\shared\evidence\memory_workbench\MemoryModuleDirectory.h"><Filter>Production\Evidence\MemoryWorkbench</Filter></ClInclude>
    <ClInclude Include="..\shared\evidence\memory_workbench\SessionAddressResolver.h"><Filter>Production\Evidence\MemoryWorkbench</Filter></ClInclude>
    <ClInclude Include="..\shared\evidence\memory_workbench\MemoryBaselineWindow.h"><Filter>Production\Evidence\MemoryWorkbench</Filter></ClInclude>
    <ClInclude Include="..\shared\evidence\memory_workbench\MemoryEditJournal.h"><Filter>Production\Evidence\MemoryWorkbench</Filter></ClInclude>
    <ClInclude Include="..\shared\evidence\memory_workbench\MemoryIoPort.h"><Filter>Production\Evidence\MemoryWorkbench</Filter></ClInclude>
    <ClInclude Include="..\shared\evidence\memory_workbench\MemoryPageReader.h"><Filter>Production\Evidence\MemoryWorkbench</Filter></ClInclude>
    <ClInclude Include="..\shared\evidence\memory_workbench\MemoryIoByteStore.h"><Filter>Production\Evidence\MemoryWorkbench</Filter></ClInclude>
    <ClInclude Include="..\shared\evidence\memory_workbench\MemoryKernelMutation.h"><Filter>Production\Evidence\MemoryWorkbench</Filter></ClInclude>
    <ClInclude Include="..\shared\evidence\memory_workbench\MemoryPatchByteStore.h"><Filter>Production\Evidence\MemoryWorkbench</Filter></ClInclude>
    <ClInclude Include="..\shared\evidence\PageTableWalk.h"><Filter>Production\Evidence</Filter></ClInclude>
    <ClInclude Include="..\shared\evidence\MemoryRegionEvidence.h"><Filter>Production\Evidence</Filter></ClInclude>
    <ClInclude Include="..\shared\evidence\InjectionSurvey.h"><Filter>Production\Evidence</Filter></ClInclude>
    <ClInclude Include="..\shared\evidence\EvidenceEnvelope.h"><Filter>Production\Evidence</Filter></ClInclude>
    <ClInclude Include="..\shared\evidence\EvidenceJson.h"><Filter>Production\Evidence</Filter></ClInclude>
    <ClInclude Include="..\shared\evidence\LiveNavigation.h"><Filter>Production\Evidence</Filter></ClInclude>
    <ClInclude Include="..\shared\evidence\LosslessValue.h"><Filter>Production\Evidence</Filter></ClInclude>
    <ClInclude Include="..\shared\evidence\ObjectIdentity.h"><Filter>Production\Evidence</Filter></ClInclude>
    <ClInclude Include="..\shared\evidence\ScanBudget.h"><Filter>Production\Evidence</Filter></ClInclude>
    <ClInclude Include="..\KswordARKLight\Core\DriverLeasePolicy.h"><Filter>Production</Filter></ClInclude>
    <ClInclude Include="..\KswordARKLight\Core\EntityRef.h"><Filter>Production</Filter></ClInclude>
    <ClInclude Include="..\KswordARKLight\Core\WorkspaceConfig.h"><Filter>Production</Filter></ClInclude>
    <ClInclude Include="..\KswordARKLight\Features\File\PathNavigator.h"><Filter>Production</Filter></ClInclude>
    <ClInclude Include="..\KswordARKLight\Features\Monitor\EtwEventModel.h"><Filter>Production</Filter></ClInclude>
    <ClInclude Include="..\KswordARKLight\Features\Registry\RegistrySearchModel.h"><Filter>Production</Filter></ClInclude>
    <ClInclude Include="..\KswordARKLight\Features\SysTools\IoctlDecoder.h"><Filter>Production</Filter></ClInclude>
    <ClInclude Include="..\KswordARKLight\Features\Window\Win32kTimerEvidenceModel.h"><Filter>Production</Filter></ClInclude>
    <ClInclude Include="..\KswordARKLight\Features\Memory\MemorySnapshot.h"><Filter>Production</Filter></ClInclude>
    <ClInclude Include="..\KswordARKLight\Features\Memory\DriverMemoryModel.h"><Filter>Production</Filter></ClInclude>
    <ClInclude Include="..\KswordARKLight\Features\Memory\MemoryInspection.h"><Filter>Production</Filter></ClInclude>
    <ClInclude Include="..\KswordARKLight\Features\Memory\MemoryWritePlan.h"><Filter>Production</Filter></ClInclude>
    <ClInclude Include="..\KswordARKLight\Ui\EvidenceSession.h"><Filter>Production</Filter></ClInclude>
  </ItemGroup>
  <ItemGroup>
    <ClCompile Include="R3NetworkBackendTests.cpp">
      <Filter>Shared R3 Backend</Filter>
    </ClCompile>
  </ItemGroup>
  <ItemGroup>
    <ClCompile Include="..\shared\usermode\backend\network\Connections.cpp">
      <Filter>Shared R3 Backend</Filter>
    </ClCompile>
  </ItemGroup>
  <ItemGroup>
    <ClCompile Include="..\shared\usermode\backend\network\NetworkSupport.cpp">
      <Filter>Shared R3 Backend</Filter>
    </ClCompile>
  </ItemGroup>
  <ItemGroup>
    <ClInclude Include="..\shared\usermode\backend\network\Connections.h">
      <Filter>Shared R3 Backend</Filter>
    </ClInclude>
  </ItemGroup>
  <ItemGroup>
    <ClInclude Include="..\shared\usermode\backend\network\NetworkSupport.h">
      <Filter>Shared R3 Backend</Filter>
    </ClInclude>
  </ItemGroup>
  <ItemGroup>
    <ClInclude Include="..\shared\usermode\backend\network\Diagnostics.h">
      <Filter>Shared R3 Backend</Filter>
    </ClInclude>
  </ItemGroup>
  <ItemGroup>
    <ClCompile Include="..\shared\usermode\backend\network\Ping.cpp">
      <Filter>Shared R3 Backend</Filter>
    </ClCompile>
  </ItemGroup>
  <ItemGroup>
    <ClCompile Include="..\shared\usermode\backend\network\TraceRoute.cpp">
      <Filter>Shared R3 Backend</Filter>
    </ClCompile>
  </ItemGroup>
  <ItemGroup>
    <ClCompile Include="..\shared\usermode\backend\network\Dns.cpp">
      <Filter>Shared R3 Backend</Filter>
    </ClCompile>
  </ItemGroup>
  <ItemGroup>
    <ClCompile Include="..\shared\usermode\backend\network\Firewall.cpp">
      <Filter>Shared R3 Backend</Filter>
    </ClCompile>
  </ItemGroup>
  <ItemGroup>
    <ClInclude Include="..\shared\usermode\backend\network\Firewall.h">
      <Filter>Shared R3 Backend</Filter>
    </ClInclude>
  </ItemGroup>
  <ItemGroup>
    <ClCompile Include="..\shared\usermode\backend\network\EndpointAudit.cpp">
      <Filter>Shared R3 Backend</Filter>
    </ClCompile>
  </ItemGroup>
  <ItemGroup>
    <ClInclude Include="..\shared\usermode\backend\network\EndpointAudit.h">
      <Filter>Shared R3 Backend</Filter>
    </ClInclude>
  </ItemGroup>
  <ItemGroup>
    <ClInclude Include="..\shared\usermode\backend\service\ServiceTypes.h">
      <Filter>Shared R3 Backend</Filter>
    </ClInclude>
  </ItemGroup>
  <ItemGroup>
    <ClCompile Include="..\shared\usermode\backend\service\ServiceTypes.cpp">
      <Filter>Shared R3 Backend</Filter>
    </ClCompile>
  </ItemGroup>
  <ItemGroup>
    <ClInclude Include="..\shared\usermode\backend\service\ServiceEnumerator.h">
      <Filter>Shared R3 Backend</Filter>
    </ClInclude>
  </ItemGroup>
  <ItemGroup>
    <ClCompile Include="..\shared\usermode\backend\service\ServiceEnumerator.cpp">
      <Filter>Shared R3 Backend</Filter>
    </ClCompile>
  </ItemGroup>
  <ItemGroup>
    <ClInclude Include="..\shared\usermode\backend\service\ServiceActions.h">
      <Filter>Shared R3 Backend</Filter>
    </ClInclude>
  </ItemGroup>
  <ItemGroup>
    <ClCompile Include="..\shared\usermode\backend\service\ServiceActions.cpp">
      <Filter>Shared R3 Backend</Filter>
    </ClCompile>
  </ItemGroup>
  <ItemGroup>
    <ClCompile Include="..\Ksword5.1\Ksword5.1\ksword\service\service.cpp">
      <Filter>Shared R3 Backend</Filter>
    </ClCompile>
  </ItemGroup>
  <ItemGroup>
    <ClCompile Include="..\Ksword5.1\Ksword5.1\ksword\string\string.cpp">
      <Filter>Shared R3 Backend</Filter>
    </ClCompile>
  </ItemGroup>
  <ItemGroup>
    <ClInclude Include="..\shared\usermode\backend\registry\RegistryModel.h">
      <Filter>Shared R3 Backend</Filter>
    </ClInclude>
  </ItemGroup>
  <ItemGroup>
    <ClCompile Include="..\shared\usermode\backend\registry\RegistryModel.cpp">
      <Filter>Shared R3 Backend</Filter>
    </ClCompile>
  </ItemGroup>
  <ItemGroup>
    <ClInclude Include="..\shared\usermode\backend\registry\RegistrySupport.h">
      <Filter>Shared R3 Backend</Filter>
    </ClInclude>
  </ItemGroup>
  <ItemGroup>
    <ClInclude Include="..\shared\usermode\backend\registry\RegistryBackend.h">
      <Filter>Shared R3 Backend</Filter>
    </ClInclude>
  </ItemGroup>
  <ItemGroup>
    <ClCompile Include="..\shared\usermode\backend\registry\RegistryBrowse.cpp">
      <Filter>Shared R3 Backend</Filter>
    </ClCompile>
  </ItemGroup>
  <ItemGroup>
    <ClCompile Include="..\shared\usermode\backend\registry\RegistrySearchModel.cpp">
      <Filter>Shared R3 Backend</Filter>
    </ClCompile>
  </ItemGroup>
  <ItemGroup>
    <ClInclude Include="..\shared\usermode\backend\registry\RegistrySearchModel.h">
      <Filter>Shared R3 Backend</Filter>
    </ClInclude>
  </ItemGroup>
  <ItemGroup>
    <ClCompile Include="..\shared\usermode\backend\registry\RegistrySearch.cpp">
      <Filter>Shared R3 Backend</Filter>
    </ClCompile>
  </ItemGroup>
  <ItemGroup>
    <ClCompile Include="..\shared\usermode\backend\registry\RegistryMutations.cpp">
      <Filter>Shared R3 Backend</Filter>
    </ClCompile>
  </ItemGroup>
  <ItemGroup>
    <ClCompile Include="..\shared\usermode\backend\file\PathNavigator.cpp">
      <Filter>Shared R3 Backend</Filter>
    </ClCompile>
  </ItemGroup>
  <ItemGroup>
    <ClInclude Include="..\shared\usermode\backend\file\Directory.h">
      <Filter>Shared R3 Backend</Filter>
    </ClInclude>
  </ItemGroup>
  <ItemGroup>
    <ClCompile Include="..\shared\usermode\backend\file\Directory.cpp">
      <Filter>Shared R3 Backend</Filter>
    </ClCompile>
  </ItemGroup>
  <ItemGroup>
    <ClInclude Include="..\shared\usermode\backend\file\DirectorySupport.h">
      <Filter>Shared R3 Backend</Filter>
    </ClInclude>
  </ItemGroup>
  <ItemGroup>
    <ClInclude Include="..\shared\usermode\backend\file\PathNavigator.h">
      <Filter>Shared R3 Backend</Filter>
    </ClInclude>
  </ItemGroup>
  <ItemGroup>
    <ClInclude Include="..\shared\usermode\backend\file\FileOperations.h">
      <Filter>Shared R3 Backend</Filter>
    </ClInclude>
  </ItemGroup>
  <ItemGroup>
    <ClCompile Include="..\shared\usermode\backend\file\FileOperations.cpp">
      <Filter>Shared R3 Backend</Filter>
    </ClCompile>
  </ItemGroup>
  <ItemGroup>
    <ClInclude Include="..\shared\usermode\backend\file\Ownership.h">
      <Filter>Shared R3 Backend</Filter>
    </ClInclude>
  </ItemGroup>
  <ItemGroup>
    <ClCompile Include="..\shared\usermode\backend\file\Ownership.cpp">
      <Filter>Shared R3 Backend</Filter>
    </ClCompile>
  </ItemGroup>
  <ItemGroup>
    <ClInclude Include="..\shared\usermode\backend\file\FileAnalysis.h">
      <Filter>Shared R3 Backend</Filter>
    </ClInclude>
  </ItemGroup>
  <ItemGroup>
    <ClCompile Include="..\shared\usermode\backend\file\FileAnalysis.cpp">
      <Filter>Shared R3 Backend</Filter>
    </ClCompile>
  </ItemGroup>
  <ItemGroup>
    <ClCompile Include="..\shared\usermode\backend\file\PeSnapshot.cpp">
      <Filter>Shared R3 Backend</Filter>
    </ClCompile>
  </ItemGroup>
  <ItemGroup>
    <ClInclude Include="..\shared\usermode\backend\file\PeSnapshot.h">
      <Filter>Shared R3 Backend</Filter>
    </ClInclude>
  </ItemGroup>
  <ItemGroup>
    <ClCompile Include="..\Ksword5.1\Ksword5.1\ksword\file\pe_analyzer.cpp">
      <Filter>Shared R3 Backend</Filter>
    </ClCompile>
  </ItemGroup>
  <ItemGroup>
    <ClCompile Include="..\shared\usermode\backend\NtApi.cpp">
      <Filter>Shared R3 Backend</Filter>
    </ClCompile>
  </ItemGroup>
  <ItemGroup>
    <ClCompile Include="..\shared\usermode\backend\process\ProcessEnumerator.cpp">
      <Filter>Shared R3 Backend</Filter>
    </ClCompile>
  </ItemGroup>
  <ItemGroup>
    <ClCompile Include="..\shared\usermode\backend\process\ProcessDetails.cpp">
      <Filter>Shared R3 Backend</Filter>
    </ClCompile>
  </ItemGroup>
  <ItemGroup>
    <ClCompile Include="..\shared\usermode\backend\process\ProcessTelemetry.cpp">
      <Filter>Shared R3 Backend</Filter>
    </ClCompile>
  </ItemGroup>
  <ItemGroup>
    <ClInclude Include="..\shared\usermode\backend\process\ProcessCounters.h">
      <Filter>Shared R3 Backend</Filter>
    </ClInclude>
  </ItemGroup>
  <ItemGroup>
    <ClCompile Include="..\shared\usermode\backend\process\ProcessCounters.cpp">
      <Filter>Shared R3 Backend</Filter>
    </ClCompile>
  </ItemGroup>
  <ItemGroup>
    <ClInclude Include="..\shared\usermode\backend\process\ProcessControls.h">
      <Filter>Shared R3 Backend</Filter>
    </ClInclude>
  </ItemGroup>
  <ItemGroup>
    <ClCompile Include="..\shared\usermode\backend\process\ProcessControls.cpp">
      <Filter>Shared R3 Backend</Filter>
    </ClCompile>
  </ItemGroup>
  <ItemGroup>
    <ClCompile Include="..\shared\usermode\backend\Common.cpp">
      <Filter>Shared R3 Backend</Filter>
    </ClCompile>
  </ItemGroup>
  <ItemGroup>
    <ClCompile Include="..\Ksword5.1\Ksword5.1\ksword\process\process.cpp">
      <Filter>Shared R3 Backend</Filter>
    </ClCompile>
  </ItemGroup>
  <ItemGroup>
    <ClInclude Include="..\shared\usermode\backend\process\ProcessBasicInfoSupport.h">
      <Filter>Shared R3 Backend</Filter>
    </ClInclude>
  </ItemGroup>
  <ItemGroup>
    <ClCompile Include="..\shared\usermode\backend\process\ProcessBasicInfo.cpp">
      <Filter>Shared R3 Backend</Filter>
    </ClCompile>
  </ItemGroup>
  <ItemGroup>
    <ClInclude Include="..\shared\usermode\backend\process\ProcessDetailTypes.h">
      <Filter>Shared R3 Backend</Filter>
    </ClInclude>
  </ItemGroup>
  <ItemGroup>
    <ClInclude Include="..\shared\usermode\backend\process\ProcessBasicInfo.h">
      <Filter>Shared R3 Backend</Filter>
    </ClInclude>
  </ItemGroup>
  <ItemGroup>
    <ClInclude Include="..\shared\usermode\backend\process\ProcessThreadsSupport.h">
      <Filter>Shared R3 Backend</Filter>
    </ClInclude>
  </ItemGroup>
  <ItemGroup>
    <ClCompile Include="..\shared\usermode\backend\process\ProcessThreads.cpp">
      <Filter>Shared R3 Backend</Filter>
    </ClCompile>
  </ItemGroup>
  <ItemGroup>
    <ClInclude Include="..\shared\usermode\backend\process\DetailActionTypes.h">
      <Filter>Shared R3 Backend</Filter>
    </ClInclude>
  </ItemGroup>
  <ItemGroup>
    <ClInclude Include="..\shared\usermode\backend\process\ThreadActionSupport.h">
      <Filter>Shared R3 Backend</Filter>
    </ClInclude>
  </ItemGroup>
  <ItemGroup>
    <ClInclude Include="..\shared\usermode\backend\process\ThreadActions.h">
      <Filter>Shared R3 Backend</Filter>
    </ClInclude>
  </ItemGroup>
  <ItemGroup>
    <ClCompile Include="..\shared\usermode\backend\process\ThreadActions.cpp">
      <Filter>Shared R3 Backend</Filter>
    </ClCompile>
  </ItemGroup>
  <ItemGroup>
    <ClInclude Include="..\shared\usermode\backend\process\ProcessModulesSupport.h">
      <Filter>Shared R3 Backend</Filter>
    </ClInclude>
  </ItemGroup>
  <ItemGroup>
    <ClCompile Include="..\shared\usermode\backend\process\ProcessModules.cpp">
      <Filter>Shared R3 Backend</Filter>
    </ClCompile>
  </ItemGroup>
  <ItemGroup>
    <ClInclude Include="..\shared\usermode\backend\process\ModuleActionSupport.h">
      <Filter>Shared R3 Backend</Filter>
    </ClInclude>
  </ItemGroup>
  <ItemGroup>
    <ClInclude Include="..\shared\usermode\backend\process\ModuleActions.h">
      <Filter>Shared R3 Backend</Filter>
    </ClInclude>
  </ItemGroup>
  <ItemGroup>
    <ClCompile Include="..\shared\usermode\backend\process\ModuleActions.cpp">
      <Filter>Shared R3 Backend</Filter>
    </ClCompile>
  </ItemGroup>
  <ItemGroup>
    <ClInclude Include="..\shared\usermode\backend\process\ProcessToken.h">
      <Filter>Shared R3 Backend</Filter>
    </ClInclude>
  </ItemGroup>
  <ItemGroup>
    <ClCompile Include="..\shared\usermode\backend\process\ProcessToken.cpp">
      <Filter>Shared R3 Backend</Filter>
    </ClCompile>
  </ItemGroup>
  <ItemGroup>
    <ClInclude Include="..\shared\usermode\backend\process\ProcessTokenSwitches.h">
      <Filter>Shared R3 Backend</Filter>
    </ClInclude>
  </ItemGroup>
  <ItemGroup>
    <ClCompile Include="..\shared\usermode\backend\process\ProcessTokenSwitches.cpp">
      <Filter>Shared R3 Backend</Filter>
    </ClCompile>
  </ItemGroup>
  <ItemGroup>
    <ClInclude Include="..\shared\usermode\backend\process\ProcessPeb.h">
      <Filter>Shared R3 Backend</Filter>
    </ClInclude>
  </ItemGroup>
  <ItemGroup>
    <ClCompile Include="..\shared\usermode\backend\process\ProcessPeb.cpp">
      <Filter>Shared R3 Backend</Filter>
    </ClCompile>
  </ItemGroup>
  <ItemGroup>
    <ClInclude Include="..\shared\usermode\backend\process\ProcessHotkeys.h">
      <Filter>Shared R3 Backend</Filter>
    </ClInclude>
  </ItemGroup>
  <ItemGroup>
    <ClCompile Include="..\shared\usermode\backend\process\ProcessHotkeys.cpp">
      <Filter>Shared R3 Backend</Filter>
    </ClCompile>
  </ItemGroup>
  <ItemGroup>
    <ClInclude Include="..\shared\usermode\backend\driver\DriverTypes.h">
      <Filter>Shared R3 Backend</Filter>
    </ClInclude>
  </ItemGroup>
  <ItemGroup>
    <ClInclude Include="..\shared\usermode\backend\driver\DriverFormatting.h">
      <Filter>Shared R3 Backend</Filter>
    </ClInclude>
  </ItemGroup>
  <ItemGroup>
    <ClCompile Include="..\shared\usermode\backend\driver\DriverFormatting.cpp">
      <Filter>Shared R3 Backend</Filter>
    </ClCompile>
  </ItemGroup>
  <ItemGroup>
    <ClInclude Include="..\shared\usermode\backend\driver\DriverQueries.h">
      <Filter>Shared R3 Backend</Filter>
    </ClInclude>
  </ItemGroup>
  <ItemGroup>
    <ClCompile Include="..\shared\usermode\backend\driver\DriverQueries.cpp">
      <Filter>Shared R3 Backend</Filter>
    </ClCompile>
  </ItemGroup>
  <ItemGroup>
    <ClInclude Include="..\shared\usermode\backend\hardware\HardwareTypes.h">
      <Filter>Shared R3 Backend</Filter>
    </ClInclude>
  </ItemGroup>
  <ItemGroup>
    <ClInclude Include="..\shared\usermode\backend\hardware\HardwareFormatting.h">
      <Filter>Shared R3 Backend</Filter>
    </ClInclude>
  </ItemGroup>
  <ItemGroup>
    <ClCompile Include="..\shared\usermode\backend\hardware\HardwareFormatting.cpp">
      <Filter>Shared R3 Backend</Filter>
    </ClCompile>
  </ItemGroup>
  <ItemGroup>
    <ClInclude Include="..\shared\usermode\backend\hardware\HardwareStatsTypes.h">
      <Filter>Shared R3 Backend</Filter>
    </ClInclude>
  </ItemGroup>
  <ItemGroup>
    <ClInclude Include="..\shared\usermode\backend\hardware\PerformanceSampler.h">
      <Filter>Shared R3 Backend</Filter>
    </ClInclude>
  </ItemGroup>
  <ItemGroup>
    <ClInclude Include="..\shared\usermode\backend\hardware\PerformanceSamplerSupport.h">
      <Filter>Shared R3 Backend</Filter>
    </ClInclude>
  </ItemGroup>
  <ItemGroup>
    <ClCompile Include="..\shared\usermode\backend\hardware\SystemPerformanceSampler.cpp">
      <Filter>Shared R3 Backend</Filter>
    </ClCompile>
  </ItemGroup>
  <ItemGroup>
  </ItemGroup>
  <ItemGroup>
    <ClCompile Include="..\shared\usermode\backend\hardware\HardwareStatsFormatting.cpp">
      <Filter>Shared R3 Backend</Filter>
    </ClCompile>
  </ItemGroup>
  <ItemGroup>
    <ClCompile Include="..\shared\usermode\backend\hardware\DiskActivitySampler.cpp">
      <Filter>Shared R3 Backend</Filter>
    </ClCompile>
  </ItemGroup>
  <ItemGroup>
    <ClInclude Include="..\shared\usermode\backend\hardware\UsbTopology.h">
      <Filter>Shared R3 Backend</Filter>
    </ClInclude>
  </ItemGroup>
  <ItemGroup>
    <ClCompile Include="..\shared\usermode\backend\hardware\UsbTopology.cpp">
      <Filter>Shared R3 Backend</Filter>
    </ClCompile>
  </ItemGroup>
  <ItemGroup>
    <ClInclude Include="..\shared\usermode\backend\hardware\BusTopology.h">
      <Filter>Shared R3 Backend</Filter>
    </ClInclude>
  </ItemGroup>
  <ItemGroup>
    <ClCompile Include="..\shared\usermode\backend\hardware\BusTopology.cpp">
      <Filter>Shared R3 Backend</Filter>
    </ClCompile>
  </ItemGroup>
  <ItemGroup>
    <ClInclude Include="..\shared\usermode\backend\window\WindowTypes.h">
      <Filter>Shared R3 Backend</Filter>
    </ClInclude>
  </ItemGroup>
  <ItemGroup>
    <ClInclude Include="..\shared\usermode\backend\window\WindowFormatting.h">
      <Filter>Shared R3 Backend</Filter>
    </ClInclude>
  </ItemGroup>
  <ItemGroup>
    <ClCompile Include="..\shared\usermode\backend\window\WindowFormatting.cpp">
      <Filter>Shared R3 Backend</Filter>
    </ClCompile>
  </ItemGroup>
  <ItemGroup>
    <ClInclude Include="..\shared\usermode\backend\window\WindowEnumerator.h">
      <Filter>Shared R3 Backend</Filter>
    </ClInclude>
  </ItemGroup>
  <ItemGroup>
    <ClCompile Include="..\shared\usermode\backend\window\WindowEnumerator.cpp">
      <Filter>Shared R3 Backend</Filter>
    </ClCompile>
  </ItemGroup>
  <ItemGroup>
    <ClInclude Include="..\shared\usermode\backend\window\WindowActions.h">
      <Filter>Shared R3 Backend</Filter>
    </ClInclude>
  </ItemGroup>
  <ItemGroup>
    <ClCompile Include="..\shared\usermode\backend\window\WindowActions.cpp">
      <Filter>Shared R3 Backend</Filter>
    </ClCompile>
  </ItemGroup>
  <ItemGroup>
    <ClInclude Include="..\shared\usermode\backend\window\WindowToolsTypes.h">
      <Filter>Shared R3 Backend</Filter>
    </ClInclude>
  </ItemGroup>
  <ItemGroup>
    <ClInclude Include="..\shared\usermode\backend\window\WindowQueries.h">
      <Filter>Shared R3 Backend</Filter>
    </ClInclude>
  </ItemGroup>
  <ItemGroup>
    <ClCompile Include="..\shared\usermode\backend\window\WindowQueries.cpp">
      <Filter>Shared R3 Backend</Filter>
    </ClCompile>
  </ItemGroup>
  <ItemGroup>
    <ClInclude Include="..\shared\usermode\backend\window\Clipboard.h">
      <Filter>Shared R3 Backend</Filter>
    </ClInclude>
  </ItemGroup>
  <ItemGroup>
    <ClCompile Include="..\shared\usermode\backend\window\Clipboard.cpp">
      <Filter>Shared R3 Backend</Filter>
    </ClCompile>
  </ItemGroup>
  <ItemGroup>
    <ClInclude Include="..\shared\usermode\backend\window\ClipboardCopy.h">
      <Filter>Shared R3 Backend</Filter>
    </ClInclude>
  </ItemGroup>
  <ItemGroup>
    <ClCompile Include="..\shared\usermode\backend\window\ClipboardCopy.cpp">
      <Filter>Shared R3 Backend</Filter>
    </ClCompile>
  </ItemGroup>
  <ItemGroup>
    <ClInclude Include="..\shared\usermode\backend\window\CaptureProtection.h">
      <Filter>Shared R3 Backend</Filter>
    </ClInclude>
  </ItemGroup>
  <ItemGroup>
    <ClCompile Include="..\shared\usermode\backend\window\CaptureProtection.cpp">
      <Filter>Shared R3 Backend</Filter>
    </ClCompile>
  </ItemGroup>
  <ItemGroup>
    <ClInclude Include="..\shared\usermode\backend\window\WindowHierarchySupport.h">
      <Filter>Shared R3 Backend</Filter>
    </ClInclude>
  </ItemGroup>
  <ItemGroup>
    <ClCompile Include="..\shared\usermode\backend\window\WindowHierarchySupport.cpp">
      <Filter>Shared R3 Backend</Filter>
    </ClCompile>
  </ItemGroup>
  <ItemGroup>
    <ClInclude Include="..\shared\usermode\backend\window\WindowHierarchy.h">
      <Filter>Shared R3 Backend</Filter>
    </ClInclude>
  </ItemGroup>
  <ItemGroup>
    <ClCompile Include="..\shared\usermode\backend\window\WindowHierarchy.cpp">
      <Filter>Shared R3 Backend</Filter>
    </ClCompile>
  </ItemGroup>
  <ItemGroup>
    <ClInclude Include="..\shared\usermode\backend\window\PointerText.h">
      <Filter>Shared R3 Backend</Filter>
    </ClInclude>
  </ItemGroup>
  <ItemGroup>
    <ClCompile Include="..\shared\usermode\backend\window\PointerText.cpp">
      <Filter>Shared R3 Backend</Filter>
    </ClCompile>
  </ItemGroup>
  <ItemGroup>
    <ClInclude Include="..\shared\usermode\backend\window\GlobalHotkeyProbe.h">
      <Filter>Shared R3 Backend</Filter>
    </ClInclude>
  </ItemGroup>
  <ItemGroup>
    <ClCompile Include="..\shared\usermode\backend\window\GlobalHotkeyProbe.cpp">
      <Filter>Shared R3 Backend</Filter>
    </ClCompile>
  </ItemGroup>
  <ItemGroup>
    <ClCompile Include="..\shared\usermode\backend\monitor\EtwEventModel.cpp">
      <Filter>Shared R3 Backend</Filter>
    </ClCompile>
  </ItemGroup>
  <ItemGroup>
    <ClInclude Include="..\shared\usermode\backend\monitor\EtwEventModel.h">
      <Filter>Shared R3 Backend</Filter>
    </ClInclude>
  </ItemGroup>
  <ItemGroup>
    <ClInclude Include="..\shared\usermode\backend\monitor\EtwFilterModel.h">
      <Filter>Shared R3 Backend</Filter>
    </ClInclude>
  </ItemGroup>
  <ItemGroup>
    <ClCompile Include="..\shared\usermode\backend\monitor\EtwFilterModel.cpp">
      <Filter>Shared R3 Backend</Filter>
    </ClCompile>
  </ItemGroup>
  <ItemGroup>
    <ClInclude Include="..\shared\usermode\backend\monitor\EtwSessionController.h">
      <Filter>Shared R3 Backend</Filter>
    </ClInclude>
  </ItemGroup>
  <ItemGroup>
    <ClCompile Include="..\shared\usermode\backend\monitor\EtwSessionController.cpp">
      <Filter>Shared R3 Backend</Filter>
    </ClCompile>
  </ItemGroup>
  <ItemGroup>
    <ClInclude Include="..\shared\usermode\backend\system\ModulePath.h">
      <Filter>Shared R3 Backend</Filter>
    </ClInclude>
  </ItemGroup>
  <ItemGroup>
    <ClCompile Include="..\shared\usermode\backend\system\ModulePath.cpp">
      <Filter>Shared R3 Backend</Filter>
    </ClCompile>
  </ItemGroup>
  <ItemGroup>
    <ClInclude Include="..\shared\usermode\backend\system\FileHolderScanner.h">
      <Filter>Shared R3 Backend</Filter>
    </ClInclude>
  </ItemGroup>
  <ItemGroup>
    <ClCompile Include="..\shared\usermode\backend\system\FileHolderScanner.cpp">
      <Filter>Shared R3 Backend</Filter>
    </ClCompile>
  </ItemGroup>
  <ItemGroup>
    <ClInclude Include="..\shared\usermode\backend\system\EventLogReader.h">
      <Filter>Shared R3 Backend</Filter>
    </ClInclude>
  </ItemGroup>
  <ItemGroup>
    <ClCompile Include="..\shared\usermode\backend\system\EventLogReader.cpp">
      <Filter>Shared R3 Backend</Filter>
    </ClCompile>
  </ItemGroup>
  <ItemGroup>
    <ClInclude Include="..\shared\usermode\backend\system\AdminState.h">
      <Filter>Shared R3 Backend</Filter>
    </ClInclude>
  </ItemGroup>
  <ItemGroup>
    <ClCompile Include="..\shared\usermode\backend\system\AdminState.cpp">
      <Filter>Shared R3 Backend</Filter>
    </ClCompile>
  </ItemGroup>
  <ItemGroup>
    <ClInclude Include="..\shared\usermode\backend\system\ContextMenuScanner.h">
      <Filter>Shared R3 Backend</Filter>
    </ClInclude>
  </ItemGroup>
  <ItemGroup>
    <ClCompile Include="..\shared\usermode\backend\system\ContextMenuScanner.cpp">
      <Filter>Shared R3 Backend</Filter>
    </ClCompile>
  </ItemGroup>
  <ItemGroup>
    <ClInclude Include="..\shared\usermode\backend\system\SystemTimeInfo.h">
      <Filter>Shared R3 Backend</Filter>
    </ClInclude>
  </ItemGroup>
  <ItemGroup>
    <ClCompile Include="..\shared\usermode\backend\system\SystemTimeInfo.cpp">
      <Filter>Shared R3 Backend</Filter>
    </ClCompile>
  </ItemGroup>
  <ItemGroup>
    <ClCompile Include="..\shared\usermode\backend\system\IoctlDecoder.cpp">
      <Filter>Shared R3 Backend</Filter>
    </ClCompile>
  </ItemGroup>
  <ItemGroup>
    <ClInclude Include="..\shared\usermode\backend\system\IoctlDecoder.h">
      <Filter>Shared R3 Backend</Filter>
    </ClInclude>
  </ItemGroup>
  <ItemGroup>
    <ClInclude Include="..\shared\usermode\backend\kernel\KernelTypes.h">
      <Filter>Shared R3 Backend</Filter>
    </ClInclude>
  </ItemGroup>
  <ItemGroup>
    <ClCompile Include="..\shared\usermode\backend\kernel\KernelTypes.cpp">
      <Filter>Shared R3 Backend</Filter>
    </ClCompile>
  </ItemGroup>
  <ItemGroup>
    <ClInclude Include="..\shared\usermode\backend\kernel\ObjectNamespace.h">
      <Filter>Shared R3 Backend</Filter>
    </ClInclude>
  </ItemGroup>
  <ItemGroup>
    <ClCompile Include="..\shared\usermode\backend\kernel\ObjectNamespace.cpp">
      <Filter>Shared R3 Backend</Filter>
    </ClCompile>
  </ItemGroup>
  <ItemGroup>
    <ClInclude Include="..\shared\usermode\backend\kernel\ObjectDirectory.h">
      <Filter>Shared R3 Backend</Filter>
    </ClInclude>
  </ItemGroup>
  <ItemGroup>
    <ClCompile Include="..\shared\usermode\backend\kernel\ObjectDirectory.cpp">
      <Filter>Shared R3 Backend</Filter>
    </ClCompile>
  </ItemGroup>
  <ItemGroup>
    <ClInclude Include="..\shared\usermode\backend\kernel\SymbolicLinks.h">
      <Filter>Shared R3 Backend</Filter>
    </ClInclude>
  </ItemGroup>
  <ItemGroup>
    <ClCompile Include="..\shared\usermode\backend\kernel\SymbolicLinks.cpp">
      <Filter>Shared R3 Backend</Filter>
    </ClCompile>
  </ItemGroup>
  <ItemGroup>
    <ClInclude Include="..\shared\usermode\backend\kernel\DeviceDriverObjects.h">
      <Filter>Shared R3 Backend</Filter>
    </ClInclude>
  </ItemGroup>
  <ItemGroup>
    <ClCompile Include="..\shared\usermode\backend\kernel\DeviceDriverObjects.cpp">
      <Filter>Shared R3 Backend</Filter>
    </ClCompile>
  </ItemGroup>
  <ItemGroup>
    <ClInclude Include="..\shared\usermode\backend\kernel\BaseNamedObjects.h">
      <Filter>Shared R3 Backend</Filter>
    </ClInclude>
  </ItemGroup>
  <ItemGroup>
    <ClCompile Include="..\shared\usermode\backend\kernel\BaseNamedObjects.cpp">
      <Filter>Shared R3 Backend</Filter>
    </ClCompile>
  </ItemGroup>
  <ItemGroup>
    <ClInclude Include="..\shared\usermode\backend\kernel\CommunicationEndpoints.h">
      <Filter>Shared R3 Backend</Filter>
    </ClInclude>
  </ItemGroup>
  <ItemGroup>
    <ClCompile Include="..\shared\usermode\backend\kernel\CommunicationEndpoints.cpp">
      <Filter>Shared R3 Backend</Filter>
    </ClCompile>
  </ItemGroup>
  <ItemGroup>
    <ClInclude Include="..\shared\usermode\backend\kernel\ObjectTypes.h">
      <Filter>Shared R3 Backend</Filter>
    </ClInclude>
  </ItemGroup>
  <ItemGroup>
    <ClCompile Include="..\shared\usermode\backend\kernel\ObjectTypes.cpp">
      <Filter>Shared R3 Backend</Filter>
    </ClCompile>
  </ItemGroup>
  <ItemGroup>
    <ClInclude Include="..\shared\usermode\backend\kernel\NamedPipes.h">
      <Filter>Shared R3 Backend</Filter>
    </ClInclude>
  </ItemGroup>
  <ItemGroup>
    <ClCompile Include="..\shared\usermode\backend\kernel\NamedPipes.cpp">
      <Filter>Shared R3 Backend</Filter>
    </ClCompile>
  </ItemGroup>
  <ItemGroup>
    <ClInclude Include="..\shared\usermode\backend\kernel\AtomTable.h">
      <Filter>Shared R3 Backend</Filter>
    </ClInclude>
  </ItemGroup>
  <ItemGroup>
    <ClCompile Include="..\shared\usermode\backend\kernel\AtomTable.cpp">
      <Filter>Shared R3 Backend</Filter>
    </ClCompile>
  </ItemGroup>
  <ItemGroup>
    <ClInclude Include="..\shared\usermode\backend\kernel\NtQuery.h">
      <Filter>Shared R3 Backend</Filter>
    </ClInclude>
  </ItemGroup>
  <ItemGroup>
    <ClCompile Include="..\shared\usermode\backend\kernel\NtQuery.cpp">
      <Filter>Shared R3 Backend</Filter>
    </ClCompile>
  </ItemGroup>
</Project>
